<?xml version="1.0" encoding="utf-8"?>
<Project ToolsVersion="4.0" xmlns="http://schemas.microsoft.com/developer/msbuild/2003">
  <ItemGroup>
    <Filter Include="Shader">
      <UniqueIdentifier>{0113b937-f6bb-4b52-b1c2-23849967ec3c}</UniqueIdentifier>
    </Filter>
    <Filter Include="MMD">
      <UniqueIdentifier>{cd76d677-31f9-43aa-a48a-a8c518ae1feb}</UniqueIdentifier>
    </Filter>
  </ItemGroup>
  <ItemGroup>
    <FxCompile Include="BasicPixelShader.hlsl">
      <Filter>Shader</Filter>
    </FxCompile>
    <FxCompile Include="BasicVertexShader.hlsl">
      <Filter>Shader</Filter>
    </FxCompile>
  </ItemGroup>
  <ItemGroup>
    <None Include="BasicType.hlsli">
      <Filter>Shader</Filter>
    </None>
  </ItemGroup>
  <ItemGroup>
    <ClCompile Include="PMDActor.cpp">
      <Filter>MMD</Filter>
    </ClCompile>
    <ClCompile Include="PMDRenderer.cpp">
      <Filter>MMD</Filter>
    </ClCompile>
    <ClCompile Include="Application.cpp" />
    <ClCompile Include="Dx12Wrapper.cpp" />
    <ClCompile Include="main.cpp" />
  </ItemGroup>
  <ItemGroup>
    <ClInclude Include="PMDActor.h">
      <Filter>MMD</Filter>
    </ClInclude>
    <ClInclude Include="PMDRenderer.h">
      <Filter>MMD</Filter>
    </ClInclude>
    <ClInclude Include="Application.h" />
    <ClInclude Include="Dx12Wrapper.h" />
  </ItemGroup>
</Project>